# @generated by Move, please check-in and do not edit manually.

[move]
version = 3
manifest_digest = "1EA4D3676BEB83FEBCC598B14309D66512D9F25476EB452E765EE286A7DB8BA9"
deps_digest = "F8BBB0CCB2491CA29A3DF03D6F92277A4F3574266507ACD77214D37ECA3F3082"
dependencies = [
  { id = "Sui", name = "Sui" },
]

[[move.package]]
id = "MoveStdlib"
source = { git = "https://github.com/MystenLabs/sui.git", rev = "framework/testnet", subdir = "crates/sui-framework/packages/move-stdlib" }

[[move.package]]
id = "Sui"
source = { git = "https://github.com/MystenLabs/sui.git", rev = "framework/testnet", subdir = "crates/sui-framework/packages/sui-framework" }

dependencies = [
  { id = "MoveStdlib", name = "MoveStdlib" },
]

[move.toolchain-version]
compiler-version = "1.43.1"
edition = "2024.beta"
flavor = "sui"

[env]

[env.devnet]
chain-id = "c7d33c3f"
original-published-id = "0xd042bf55308922fe69d3f18b66e18fb5cc6f0651658bd2ab64fb3c3ca10692ef"
latest-published-id = "0xd042bf55308922fe69d3f18b66e18fb5cc6f0651658bd2ab64fb3c3ca10692ef"
published-version = "1"
